
Microsoft Visual Studio Solution File, Format Version 12.00
# Visual Studio Version 17
VisualStudioVersion = 17.9.34714.143
MinimumVisualStudioVersion = 10.0.40219.1
Project("{00D1A9C2-B5F0-4AF3-8072-F6C62B433612}") = "EBeauty.SqlDatabase", "EBeauty.SqlDatabase\EBeauty.SqlDatabase.sqlproj", "{5CF7775C-214A-42C9-9D31-00009023FDB3}"
EndProject
Global
	GlobalSection(SolutionConfigurationPlatforms) = preSolution
		Debug|Any CPU = Debug|Any CPU
		Release|Any CPU = Release|Any CPU
	EndGlobalSection
	GlobalSection(ProjectConfigurationPlatforms) = postSolution
		{5CF7775C-214A-42C9-9D31-00009023FDB3}.Debug|Any CPU.ActiveCfg = Debug|Any CPU
		{5CF7775C-214A-42C9-9D31-00009023FDB3}.Debug|Any CPU.Build.0 = Debug|Any CPU
		{5CF7775C-214A-42C9-9D31-00009023FDB3}.Debug|Any CPU.Deploy.0 = Debug|Any CPU
		{5CF7775C-214A-42C9-9D31-00009023FDB3}.Release|Any CPU.ActiveCfg = Release|Any CPU
		{5CF7775C-214A-42C9-9D31-00009023FDB3}.Release|Any CPU.Build.0 = Release|Any CPU
		{5CF7775C-214A-42C9-9D31-00009023FDB3}.Release|Any CPU.Deploy.0 = Release|Any CPU
	EndGlobalSection
	GlobalSection(SolutionProperties) = preSolution
		HideSolutionNode = FALSE
	EndGlobalSection
	GlobalSection(ExtensibilityGlobals) = postSolution
		SolutionGuid = {043ECF32-1423-4249-83CE-FF77085F1D2F}
	EndGlobalSection
EndGlobal
